
Microsoft Visual Studio Solution File, Format Version 12.00
Project("{FAE04EC0-301F-11D3-BF4B-00C04F79EFBC}") = "BlogApp.Data", "BlogApp.Data\BlogApp.Data.csproj", "{9497B4A3-DB86-4B24-8F51-59F62E84D7A6}"
EndProject
Project("{FAE04EC0-301F-11D3-BF4B-00C04F79EFBC}") = "BlogApp.Entity", "BlogApp.Entity\BlogApp.Entity.csproj", "{92911C7D-3B26-432A-9107-9DBC89D3EEE5}"
EndProject
Project("{FAE04EC0-301F-11D3-BF4B-00C04F79EFBC}") = "BlogApp.Core", "BlogApp.Core\BlogApp.Core.csproj", "{5A79DD8D-CE0D-4D76-ABBC-91492AA36C98}"
EndProject
Project("{FAE04EC0-301F-11D3-BF4B-00C04F79EFBC}") = "BlogApp.Service", "BlogApp.Service\BlogApp.Service.csproj", "{DCE4CFB2-8907-40F7-AEF1-41F57F836373}"
EndProject
Project("{FAE04EC0-301F-11D3-BF4B-00C04F79EFBC}") = "BlogApp.Web", "BlogApp.Web\BlogApp.Web.csproj", "{A0D2B018-1735-4143-91A7-B82400D709D6}"
EndProject
Global
	GlobalSection(SolutionConfigurationPlatforms) = preSolution
		Debug|Any CPU = Debug|Any CPU
		Release|Any CPU = Release|Any CPU
	EndGlobalSection
	GlobalSection(ProjectConfigurationPlatforms) = postSolution
		{9497B4A3-DB86-4B24-8F51-59F62E84D7A6}.Debug|Any CPU.ActiveCfg = Debug|Any CPU
		{9497B4A3-DB86-4B24-8F51-59F62E84D7A6}.Debug|Any CPU.Build.0 = Debug|Any CPU
		{9497B4A3-DB86-4B24-8F51-59F62E84D7A6}.Release|Any CPU.ActiveCfg = Release|Any CPU
		{9497B4A3-DB86-4B24-8F51-59F62E84D7A6}.Release|Any CPU.Build.0 = Release|Any CPU
		{92911C7D-3B26-432A-9107-9DBC89D3EEE5}.Debug|Any CPU.ActiveCfg = Debug|Any CPU
		{92911C7D-3B26-432A-9107-9DBC89D3EEE5}.Debug|Any CPU.Build.0 = Debug|Any CPU
		{92911C7D-3B26-432A-9107-9DBC89D3EEE5}.Release|Any CPU.ActiveCfg = Release|Any CPU
		{92911C7D-3B26-432A-9107-9DBC89D3EEE5}.Release|Any CPU.Build.0 = Release|Any CPU
		{5A79DD8D-CE0D-4D76-ABBC-91492AA36C98}.Debug|Any CPU.ActiveCfg = Debug|Any CPU
		{5A79DD8D-CE0D-4D76-ABBC-91492AA36C98}.Debug|Any CPU.Build.0 = Debug|Any CPU
		{5A79DD8D-CE0D-4D76-ABBC-91492AA36C98}.Release|Any CPU.ActiveCfg = Release|Any CPU
		{5A79DD8D-CE0D-4D76-ABBC-91492AA36C98}.Release|Any CPU.Build.0 = Release|Any CPU
		{DCE4CFB2-8907-40F7-AEF1-41F57F836373}.Debug|Any CPU.ActiveCfg = Debug|Any CPU
		{DCE4CFB2-8907-40F7-AEF1-41F57F836373}.Debug|Any CPU.Build.0 = Debug|Any CPU
		{DCE4CFB2-8907-40F7-AEF1-41F57F836373}.Release|Any CPU.ActiveCfg = Release|Any CPU
		{DCE4CFB2-8907-40F7-AEF1-41F57F836373}.Release|Any CPU.Build.0 = Release|Any CPU
		{A0D2B018-1735-4143-91A7-B82400D709D6}.Debug|Any CPU.ActiveCfg = Debug|Any CPU
		{A0D2B018-1735-4143-91A7-B82400D709D6}.Debug|Any CPU.Build.0 = Debug|Any CPU
		{A0D2B018-1735-4143-91A7-B82400D709D6}.Release|Any CPU.ActiveCfg = Release|Any CPU
		{A0D2B018-1735-4143-91A7-B82400D709D6}.Release|Any CPU.Build.0 = Release|Any CPU
	EndGlobalSection
EndGlobal
